// !$*UTF8*$!
{
	archiveVersion = 1;
	classes = {
	};
	objectVersion = 56;
	objects = {

/* Begin PBXBuildFile section */
		FA566EA92B69AFCD00F0FF20 /* MathMindset_Murphy_BabuApp.swift in Sources */ = {isa = PBXBuildFile; fileRef = FA566EA82B69AFCD00F0FF20 /* MathMindset_Murphy_BabuApp.swift */; };
		FA566EAB2B69AFCD00F0FF20 /* ContentView.swift in Sources */ = {isa = PBXBuildFile; fileRef = FA566EAA2B69AFCD00F0FF20 /* ContentView.swift */; };
		FA566EAD2B69AFCE00F0FF20 /* Assets.xcassets in Resources */ = {isa = PBXBuildFile; fileRef = FA566EAC2B69AFCE00F0FF20 /* Assets.xcassets */; };
		FA566EB02B69AFCE00F0FF20 /* Preview Assets.xcassets in Resources */ = {isa = PBXBuildFile; fileRef = FA566EAF2B69AFCE00F0FF20 /* Preview Assets.xcassets */; };
		FA566EBA2B69AFCE00F0FF20 /* MathMindset_Murphy_BabuTests.swift in Sources */ = {isa = PBXBuildFile; fileRef = FA566EB92B69AFCE00F0FF20 /* MathMindset_Murphy_BabuTests.swift */; };
		FA566EC42B69AFCE00F0FF20 /* MathMindset_Murphy_BabuUITests.swift in Sources */ = {isa = PBXBuildFile; fileRef = FA566EC32B69AFCE00F0FF20 /* MathMindset_Murphy_BabuUITests.swift */; };
		FA566EC62B69AFCE00F0FF20 /* MathMindset_Murphy_BabuUITestsLaunchTests.swift in Sources */ = {isa = PBXBuildFile; fileRef = FA566EC52B69AFCE00F0FF20 /* MathMindset_Murphy_BabuUITestsLaunchTests.swift */; };
/* End PBXBuildFile section */

/* Begin PBXContainerItemProxy section */
		FA566EB62B69AFCE00F0FF20 /* PBXContainerItemProxy */ = {
			isa = PBXContainerItemProxy;
			containerPortal = FA566E9D2B69AFCD00F0FF20 /* Project object */;
			proxyType = 1;
			remoteGlobalIDString = FA566EA42B69AFCD00F0FF20;
			remoteInfo = "MathMindset-Murphy-Babu";
		};
		FA566EC02B69AFCE00F0FF20 /* PBXContainerItemProxy */ = {
			isa = PBXContainerItemProxy;
			containerPortal = FA566E9D2B69AFCD00F0FF20 /* Project object */;
			proxyType = 1;
			remoteGlobalIDString = FA566EA42B69AFCD00F0FF20;
			remoteInfo = "MathMindset-Murphy-Babu";
		};
/* End PBXContainerItemProxy section */

/* Begin PBXFileReference section */
		FA566EA52B69AFCD00F0FF20 /* MathMindset-Murphy-Babu.app */ = {isa = PBXFileReference; explicitFileType = wrapper.application; includeInIndex = 0; path = "MathMindset-Murphy-Babu.app"; sourceTree = BUILT_PRODUCTS_DIR; };
		FA566EA82B69AFCD00F0FF20 /* MathMindset_Murphy_BabuApp.swift */ = {isa = PBXFileReference; lastKnownFileType = sourcecode.swift; path = MathMindset_Murphy_BabuApp.swift; sourceTree = "<group>"; };
		FA566EAA2B69AFCD00F0FF20 /* ContentView.swift */ = {isa = PBXFileReference; lastKnownFileType = sourcecode.swift; path = ContentView.swift; sourceTree = "<group>"; };
		FA566EAC2B69AFCE00F0FF20 /* Assets.xcassets */ = {isa = PBXFileReference; lastKnownFileType = folder.assetcatalog; path = Assets.xcassets; sourceTree = "<group>"; };
		FA566EAF2B69AFCE00F0FF20 /* Preview Assets.xcassets */ = {isa = PBXFileReference; lastKnownFileType = folder.assetcatalog; path = "Preview Assets.xcassets"; sourceTree = "<group>"; };
		FA566EB52B69AFCE00F0FF20 /* MathMindset-Murphy-BabuTests.xctest */ = {isa = PBXFileReference; explicitFileType = wrapper.cfbundle; includeInIndex = 0; path = "MathMindset-Murphy-BabuTests.xctest"; sourceTree = BUILT_PRODUCTS_DIR; };
		FA566EB92B69AFCE00F0FF20 /* MathMindset_Murphy_BabuTests.swift */ = {isa = PBXFileReference; lastKnownFileType = sourcecode.swift; path = MathMindset_Murphy_BabuTests.swift; sourceTree = "<group>"; };
		FA566EBF2B69AFCE00F0FF20 /* MathMindset-Murphy-BabuUITests.xctest */ = {isa = PBXFileReference; explicitFileType = wrapper.cfbundle; includeInIndex = 0; path = "MathMindset-Murphy-BabuUITests.xctest"; sourceTree = BUILT_PRODUCTS_DIR; };
		FA566EC32B69AFCE00F0FF20 /* MathMindset_Murphy_BabuUITests.swift */ = {isa = PBXFileReference; lastKnownFileType = sourcecode.swift; path = MathMindset_Murphy_BabuUITests.swift; sourceTree = "<group>"; };
		FA566EC52B69AFCE00F0FF20 /* MathMindset_Murphy_BabuUITestsLaunchTests.swift */ = {isa = PBXFileReference; lastKnownFileType = sourcecode.swift; path = MathMindset_Murphy_BabuUITestsLaunchTests.swift; sourceTree = "<group>"; };
/* End PBXFileReference section */

/* Begin PBXFrameworksBuildPhase section */
		FA566EA22B69AFCD00F0FF20 /* Frameworks */ = {
			isa = PBXFrameworksBuildPhase;
			buildActionMask = 2147483647;
			files = (
			);
			runOnlyForDeploymentPostprocessing = 0;
		};
		FA566EB22B69AFCE00F0FF20 /* Frameworks */ = {
			isa = PBXFrameworksBuildPhase;
			buildActionMask = 2147483647;
			files = (
			);
			runOnlyForDeploymentPostprocessing = 0;
		};
		FA566EBC2B69AFCE00F0FF20 /* Frameworks */ = {
			isa = PBXFrameworksBuildPhase;
			buildActionMask = 2147483647;
			files = (
			);
			runOnlyForDeploymentPostprocessing = 0;
		};
/* End PBXFrameworksBuildPhase section */

/* Begin PBXGroup section */
		FA566E9C2B69AFCD00F0FF20 = {
			isa = PBXGroup;
			children = (
				FA566EA72B69AFCD00F0FF20 /* MathMindset-Murphy-Babu */,
				FA566EB82B69AFCE00F0FF20 /* MathMindset-Murphy-BabuTests */,
				FA566EC22B69AFCE00F0FF20 /* MathMindset-Murphy-BabuUITests */,
				FA566EA62B69AFCD00F0FF20 /* Products */,
			);
			sourceTree = "<group>";
		};
		FA566EA62B69AFCD00F0FF20 /* Products */ = {
			isa = PBXGroup;
			children = (
				FA566EA52B69AFCD00F0FF20 /* MathMindset-Murphy-Babu.app */,
				FA566EB52B69AFCE00F0FF20 /* MathMindset-Murphy-BabuTests.xctest */,
				FA566EBF2B69AFCE00F0FF20 /* MathMindset-Murphy-BabuUITests.xctest */,
			);
			name = Products;
			sourceTree = "<group>";
		};
		FA566EA72B69AFCD00F0FF20 /* MathMindset-Murphy-Babu */ = {
			isa = PBXGroup;
			children = (
				FA566EA82B69AFCD00F0FF20 /* MathMindset_Murphy_BabuApp.swift */,
				FA566EAA2B69AFCD00F0FF20 /* ContentView.swift */,
				FA566EAC2B69AFCE00F0FF20 /* Assets.xcassets */,
				FA566EAE2B69AFCE00F0FF20 /* Preview Content */,
			);
			path = "MathMindset-Murphy-Babu";
			sourceTree = "<group>";
		};
		FA566EAE2B69AFCE00F0FF20 /* Preview Content */ = {
			isa = PBXGroup;
			children = (
				FA566EAF2B69AFCE00F0FF20 /* Preview Assets.xcassets */,
			);
			path = "Preview Content";
			sourceTree = "<group>";
		};
		FA566EB82B69AFCE00F0FF20 /* MathMindset-Murphy-BabuTests */ = {
			isa = PBXGroup;
			children = (
				FA566EB92B69AFCE00F0FF20 /* MathMindset_Murphy_BabuTests.swift */,
			);
			path = "MathMindset-Murphy-BabuTests";
			sourceTree = "<group>";
		};
		FA566EC22B69AFCE00F0FF20 /* MathMindset-Murphy-BabuUITests */ = {
			isa = PBXGroup;
			children = (
				FA566EC32B69AFCE00F0FF20 /* MathMindset_Murphy_BabuUITests.swift */,
				FA566EC52B69AFCE00F0FF20 /* MathMindset_Murphy_BabuUITestsLaunchTests.swift */,
			);
			path = "MathMindset-Murphy-BabuUITests";
			sourceTree = "<group>";
		};
/* End PBXGroup section */

/* Begin PBXNativeTarget section */
		FA566EA42B69AFCD00F0FF20 /* MathMindset-Murphy-Babu */ = {
			isa = PBXNativeTarget;
			buildConfigurationList = FA566EC92B69AFCE00F0FF20 /* Build configuration list for PBXNativeTarget "MathMindset-Murphy-Babu" */;
			buildPhases = (
				FA566EA12B69AFCD00F0FF20 /* Sources */,
				FA566EA22B69AFCD00F0FF20 /* Frameworks */,
				FA566EA32B69AFCD00F0FF20 /* Resources */,
			);
			buildRules = (
			);
			dependencies = (
			);
			name = "MathMindset-Murphy-Babu";
			productName = "MathMindset-Murphy-Babu";
			productReference = FA566EA52B69AFCD00F0FF20 /* MathMindset-Murphy-Babu.app */;
			productType = "com.apple.product-type.application";
		};
		FA566EB42B69AFCE00F0FF20 /* MathMindset-Murphy-BabuTests */ = {
			isa = PBXNativeTarget;
			buildConfigurationList = FA566ECC2B69AFCE00F0FF20 /* Build configuration list for PBXNativeTarget "MathMindset-Murphy-BabuTests" */;
			buildPhases = (
				FA566EB12B69AFCE00F0FF20 /* Sources */,
				FA566EB22B69AFCE00F0FF20 /* Frameworks */,
				FA566EB32B69AFCE00F0FF20 /* Resources */,
			);
			buildRules = (
			);
			dependencies = (
				FA566EB72B69AFCE00F0FF20 /* PBXTargetDependency */,
			);
			name = "MathMindset-Murphy-BabuTests";
			productName = "MathMindset-Murphy-BabuTests";
			productReference = FA566EB52B69AFCE00F0FF20 /* MathMindset-Murphy-BabuTests.xctest */;
			productType = "com.apple.product-type.bundle.unit-test";
		};
		FA566EBE2B69AFCE00F0FF20 /* MathMindset-Murphy-BabuUITests */ = {
			isa = PBXNativeTarget;
			buildConfigurationList = FA566ECF2B69AFCE00F0FF20 /* Build configuration list for PBXNativeTarget "MathMindset-Murphy-BabuUITests" */;
			buildPhases = (
				FA566EBB2B69AFCE00F0FF20 /* Sources */,
				FA566EBC2B69AFCE00F0FF20 /* Frameworks */,
				FA566EBD2B69AFCE00F0FF20 /* Resources */,
			);
			buildRules = (
			);
			dependencies = (
				FA566EC12B69AFCE00F0FF20 /* PBXTargetDependency */,
			);
			name = "MathMindset-Murphy-BabuUITests";
			productName = "MathMindset-Murphy-BabuUITests";
			productReference = FA566EBF2B69AFCE00F0FF20 /* MathMindset-Murphy-BabuUITests.xctest */;
			productType = "com.apple.product-type.bundle.ui-testing";
		};
/* End PBXNativeTarget section */

/* Begin PBXProject section */
		FA566E9D2B69AFCD00F0FF20 /* Project object */ = {
			isa = PBXProject;
			attributes = {
				BuildIndependentTargetsInParallel = 1;
				LastSwiftUpdateCheck = 1520;
				LastUpgradeCheck = 1520;
				TargetAttributes = {
					FA566EA42B69AFCD00F0FF20 = {
						CreatedOnToolsVersion = 15.2;
					};
					FA566EB42B69AFCE00F0FF20 = {
						CreatedOnToolsVersion = 15.2;
						TestTargetID = FA566EA42B69AFCD00F0FF20;
					};
					FA566EBE2B69AFCE00F0FF20 = {
						CreatedOnToolsVersion = 15.2;
						TestTargetID = FA566EA42B69AFCD00F0FF20;
					};
				};
			};
			buildConfigurationList = FA566EA02B69AFCD00F0FF20 /* Build configuration list for PBXProject "MathMindset-Murphy-Babu" */;
			compatibilityVersion = "Xcode 14.0";
			developmentRegion = en;
			hasScannedForEncodings = 0;
			knownRegions = (
				en,
				Base,
			);
			mainGroup = FA566E9C2B69AFCD00F0FF20;
			productRefGroup = FA566EA62B69AFCD00F0FF20 /* Products */;
			projectDirPath = "";
			projectRoot = "";
			targets = (
				FA566EA42B69AFCD00F0FF20 /* MathMindset-Murphy-Babu */,
				FA566EB42B69AFCE00F0FF20 /* MathMindset-Murphy-BabuTests */,
				FA566EBE2B69AFCE00F0FF20 /* MathMindset-Murphy-BabuUITests */,
			);
		};
/* End PBXProject section */

/* Begin PBXResourcesBuildPhase section */
		FA566EA32B69AFCD00F0FF20 /* Resources */ = {
			isa = PBXResourcesBuildPhase;
			buildActionMask = 2147483647;
			files = (
				FA566EB02B69AFCE00F0FF20 /* Preview Assets.xcassets in Resources */,
				FA566EAD2B69AFCE00F0FF20 /* Assets.xcassets in Resources */,
			);
			runOnlyForDeploymentPostprocessing = 0;
		};
		FA566EB32B69AFCE00F0FF20 /* Resources */ = {
			isa = PBXResourcesBuildPhase;
			buildActionMask = 2147483647;
			files = (
			);
			runOnlyForDeploymentPostprocessing = 0;
		};
		FA566EBD2B69AFCE00F0FF20 /* Resources */ = {
			isa = PBXResourcesBuildPhase;
			buildActionMask = 2147483647;
			files = (
			);
			runOnlyForDeploymentPostprocessing = 0;
		};
/* End PBXResourcesBuildPhase section */

/* Begin PBXSourcesBuildPhase section */
		FA566EA12B69AFCD00F0FF20 /* Sources */ = {
			isa = PBXSourcesBuildPhase;
			buildActionMask = 2147483647;
			files = (
				FA566EAB2B69AFCD00F0FF20 /* ContentView.swift in Sources */,
				FA566EA92B69AFCD00F0FF20 /* MathMindset_Murphy_BabuApp.swift in Sources */,
			);
			runOnlyForDeploymentPostprocessing = 0;
		};
		FA566EB12B69AFCE00F0FF20 /* Sources */ = {
			isa = PBXSourcesBuildPhase;
			buildActionMask = 2147483647;
			files = (
				FA566EBA2B69AFCE00F0FF20 /* MathMindset_Murphy_BabuTests.swift in Sources */,
			);
			runOnlyForDeploymentPostprocessing = 0;
		};
		FA566EBB2B69AFCE00F0FF20 /* Sources */ = {
			isa = PBXSourcesBuildPhase;
			buildActionMask = 2147483647;
			files = (
				FA566EC62B69AFCE00F0FF20 /* MathMindset_Murphy_BabuUITestsLaunchTests.swift in Sources */,
				FA566EC42B69AFCE00F0FF20 /* MathMindset_Murphy_BabuUITests.swift in Sources */,
			);
			runOnlyForDeploymentPostprocessing = 0;
		};
/* End PBXSourcesBuildPhase section */

/* Begin PBXTargetDependency section */
		FA566EB72B69AFCE00F0FF20 /* PBXTargetDependency */ = {
			isa = PBXTargetDependency;
			target = FA566EA42B69AFCD00F0FF20 /* MathMindset-Murphy-Babu */;
			targetProxy = FA566EB62B69AFCE00F0FF20 /* PBXContainerItemProxy */;
		};
		FA566EC12B69AFCE00F0FF20 /* PBXTargetDependency */ = {
			isa = PBXTargetDependency;
			target = FA566EA42B69AFCD00F0FF20 /* MathMindset-Murphy-Babu */;
			targetProxy = FA566EC02B69AFCE00F0FF20 /* PBXContainerItemProxy */;
		};
/* End PBXTargetDependency section */

/* Begin XCBuildConfiguration section */
		FA566EC72B69AFCE00F0FF20 /* Debug */ = {
			isa = XCBuildConfiguration;
			buildSettings = {
				ALWAYS_SEARCH_USER_PATHS = NO;
				ASSETCATALOG_COMPILER_GENERATE_SWIFT_ASSET_SYMBOL_EXTENSIONS = YES;
				CLANG_ANALYZER_NONNULL = YES;
				CLANG_ANALYZER_NUMBER_OBJECT_CONVERSION = YES_AGGRESSIVE;
				CLANG_CXX_LANGUAGE_STANDARD = "gnu++20";
				CLANG_ENABLE_MODULES = YES;
				CLANG_ENABLE_OBJC_ARC = YES;
				CLANG_ENABLE_OBJC_WEAK = YES;
				CLANG_WARN_BLOCK_CAPTURE_AUTORELEASING = YES;
				CLANG_WARN_BOOL_CONVERSION = YES;
				CLANG_WARN_COMMA = YES;
				CLANG_WARN_CONSTANT_CONVERSION = YES;
				CLANG_WARN_DEPRECATED_OBJC_IMPLEMENTATIONS = YES;
				CLANG_WARN_DIRECT_OBJC_ISA_USAGE = YES_ERROR;
				CLANG_WARN_DOCUMENTATION_COMMENTS = YES;
				CLANG_WARN_EMPTY_BODY = YES;
				CLANG_WARN_ENUM_CONVERSION = YES;
				CLANG_WARN_INFINITE_RECURSION = YES;
				CLANG_WARN_INT_CONVERSION = YES;
				CLANG_WARN_NON_LITERAL_NULL_CONVERSION = YES;
				CLANG_WARN_OBJC_IMPLICIT_RETAIN_SELF = YES;
				CLANG_WARN_OBJC_LITERAL_CONVERSION = YES;
				CLANG_WARN_OBJC_ROOT_CLASS = YES_ERROR;
				CLANG_WARN_QUOTED_INCLUDE_IN_FRAMEWORK_HEADER = YES;
				CLANG_WARN_RANGE_LOOP_ANALYSIS = YES;
				CLANG_WARN_STRICT_PROTOTYPES = YES;
				CLANG_WARN_SUSPICIOUS_MOVE = YES;
				CLANG_WARN_UNGUARDED_AVAILABILITY = YES_AGGRESSIVE;
				CLANG_WARN_UNREACHABLE_CODE = YES;
				CLANG_WARN__DUPLICATE_METHOD_MATCH = YES;
				COPY_PHASE_STRIP = NO;
				DEBUG_INFORMATION_FORMAT = dwarf;
				ENABLE_STRICT_OBJC_MSGSEND = YES;
				ENABLE_TESTABILITY = YES;
				ENABLE_USER_SCRIPT_SANDBOXING = YES;
				GCC_C_LANGUAGE_STANDARD = gnu17;
				GCC_DYNAMIC_NO_PIC = NO;
				GCC_NO_COMMON_BLOCKS = YES;
				GCC_OPTIMIZATION_LEVEL = 0;
				GCC_PREPROCESSOR_DEFINITIONS = (
					"DEBUG=1",
					"$(inherited)",
				);
				GCC_WARN_64_TO_32_BIT_CONVERSION = YES;
				GCC_WARN_ABOUT_RETURN_TYPE = YES_ERROR;
				GCC_WARN_UNDECLARED_SELECTOR = YES;
				GCC_WARN_UNINITIALIZED_AUTOS = YES_AGGRESSIVE;
				GCC_WARN_UNUSED_FUNCTION = YES;
				GCC_WARN_UNUSED_VARIABLE = YES;
				IPHONEOS_DEPLOYMENT_TARGET = 17.2;
				LOCALIZATION_PREFERS_STRING_CATALOGS = YES;
				MTL_ENABLE_DEBUG_INFO = INCLUDE_SOURCE;
				MTL_FAST_MATH = YES;
				ONLY_ACTIVE_ARCH = YES;
				SDKROOT = iphoneos;
				SWIFT_ACTIVE_COMPILATION_CONDITIONS = "DEBUG $(inherited)";
				SWIFT_OPTIMIZATION_LEVEL = "-Onone";
			};
			name = Debug;
		};
		FA566EC82B69AFCE00F0FF20 /* Release */ = {
			isa = XCBuildConfiguration;
			buildSettings = {
				ALWAYS_SEARCH_USER_PATHS = NO;
				ASSETCATALOG_COMPILER_GENERATE_SWIFT_ASSET_SYMBOL_EXTENSIONS = YES;
				CLANG_ANALYZER_NONNULL = YES;
				CLANG_ANALYZER_NUMBER_OBJECT_CONVERSION = YES_AGGRESSIVE;
				CLANG_CXX_LANGUAGE_STANDARD = "gnu++20";
				CLANG_ENABLE_MODULES = YES;
				CLANG_ENABLE_OBJC_ARC = YES;
				CLANG_ENABLE_OBJC_WEAK = YES;
				CLANG_WARN_BLOCK_CAPTURE_AUTORELEASING = YES;
				CLANG_WARN_BOOL_CONVERSION = YES;
				CLANG_WARN_COMMA = YES;
				CLANG_WARN_CONSTANT_CONVERSION = YES;
				CLANG_WARN_DEPRECATED_OBJC_IMPLEMENTATIONS = YES;
				CLANG_WARN_DIRECT_OBJC_ISA_USAGE = YES_ERROR;
				CLANG_WARN_DOCUMENTATION_COMMENTS = YES;
				CLANG_WARN_EMPTY_BODY = YES;
				CLANG_WARN_ENUM_CONVERSION = YES;
				CLANG_WARN_INFINITE_RECURSION = YES;
				CLANG_WARN_INT_CONVERSION = YES;
				CLANG_WARN_NON_LITERAL_NULL_CONVERSION = YES;
				CLANG_WARN_OBJC_IMPLICIT_RETAIN_SELF = YES;
				CLANG_WARN_OBJC_LITERAL_CONVERSION = YES;
				CLANG_WARN_OBJC_ROOT_CLASS = YES_ERROR;
				CLANG_WARN_QUOTED_INCLUDE_IN_FRAMEWORK_HEADER = YES;
				CLANG_WARN_RANGE_LOOP_ANALYSIS = YES;
				CLANG_WARN_STRICT_PROTOTYPES = YES;
				CLANG_WARN_SUSPICIOUS_MOVE = YES;
				CLANG_WARN_UNGUARDED_AVAILABILITY = YES_AGGRESSIVE;
				CLANG_WARN_UNREACHABLE_CODE = YES;
				CLANG_WARN__DUPLICATE_METHOD_MATCH = YES;
				COPY_PHASE_STRIP = NO;
				DEBUG_INFORMATION_FORMAT = "dwarf-with-dsym";
				ENABLE_NS_ASSERTIONS = NO;
				ENABLE_STRICT_OBJC_MSGSEND = YES;
				ENABLE_USER_SCRIPT_SANDBOXING = YES;
				GCC_C_LANGUAGE_STANDARD = gnu17;
				GCC_NO_COMMON_BLOCKS = YES;
				GCC_WARN_64_TO_32_BIT_CONVERSION = YES;
				GCC_WARN_ABOUT_RETURN_TYPE = YES_ERROR;
				GCC_WARN_UNDECLARED_SELECTOR = YES;
				GCC_WARN_UNINITIALIZED_AUTOS = YES_AGGRESSIVE;
				GCC_WARN_UNUSED_FUNCTION = YES;
				GCC_WARN_UNUSED_VARIABLE = YES;
				IPHONEOS_DEPLOYMENT_TARGET = 17.2;
				LOCALIZATION_PREFERS_STRING_CATALOGS = YES;
				MTL_ENABLE_DEBUG_INFO = NO;
				MTL_FAST_MATH = YES;
				SDKROOT = iphoneos;
				SWIFT_COMPILATION_MODE = wholemodule;
				VALIDATE_PRODUCT = YES;
			};
			name = Release;
		};
		FA566ECA2B69AFCE00F0FF20 /* Debug */ = {
			isa = XCBuildConfiguration;
			buildSettings = {
				ASSETCATALOG_COMPILER_APPICON_NAME = AppIcon;
				ASSETCATALOG_COMPILER_GLOBAL_ACCENT_COLOR_NAME = AccentColor;
				CODE_SIGN_STYLE = Automatic;
				CURRENT_PROJECT_VERSION = 1;
				DEVELOPMENT_ASSET_PATHS = "\"MathMindset-Murphy-Babu/Preview Content\"";
				DEVELOPMENT_TEAM = MKFL94JB3V;
				ENABLE_PREVIEWS = YES;
				GENERATE_INFOPLIST_FILE = YES;
				INFOPLIST_KEY_UIApplicationSceneManifest_Generation = YES;
				INFOPLIST_KEY_UIApplicationSupportsIndirectInputEvents = YES;
				INFOPLIST_KEY_UILaunchScreen_Generation = YES;
				INFOPLIST_KEY_UISupportedInterfaceOrientations_iPad = "UIInterfaceOrientationPortrait UIInterfaceOrientationPortraitUpsideDown UIInterfaceOrientationLandscapeLeft UIInterfaceOrientationLandscapeRight";
				INFOPLIST_KEY_UISupportedInterfaceOrientations_iPhone = "UIInterfaceOrientationPortrait UIInterfaceOrientationLandscapeLeft UIInterfaceOrientationLandscapeRight";
				LD_RUNPATH_SEARCH_PATHS = (
					"$(inherited)",
					"@executable_path/Frameworks",
				);
				MARKETING_VERSION = 1.0;
				PRODUCT_BUNDLE_IDENTIFIER = "UNH-iOS-Spring2024.MathMindset-Murphy-Babu";
				PRODUCT_NAME = "$(TARGET_NAME)";
				SWIFT_EMIT_LOC_STRINGS = YES;
				SWIFT_VERSION = 5.0;
				TARGETED_DEVICE_FAMILY = "1,2";
			};
			name = Debug;
		};
		FA566ECB2B69AFCE00F0FF20 /* Release */ = {
			isa = XCBuildConfiguration;
			buildSettings = {
				ASSETCATALOG_COMPILER_APPICON_NAME = AppIcon;
				ASSETCATALOG_COMPILER_GLOBAL_ACCENT_COLOR_NAME = AccentColor;
				CODE_SIGN_STYLE = Automatic;
				CURRENT_PROJECT_VERSION = 1;
				DEVELOPMENT_ASSET_PATHS = "\"MathMindset-Murphy-Babu/Preview Content\"";
				DEVELOPMENT_TEAM = MKFL94JB3V;
				ENABLE_PREVIEWS = YES;
				GENERATE_INFOPLIST_FILE = YES;
				INFOPLIST_KEY_UIApplicationSceneManifest_Generation = YES;
				INFOPLIST_KEY_UIApplicationSupportsIndirectInputEvents = YES;
				INFOPLIST_KEY_UILaunchScreen_Generation = YES;
				INFOPLIST_KEY_UISupportedInterfaceOrientations_iPad = "UIInterfaceOrientationPortrait UIInterfaceOrientationPortraitUpsideDown UIInterfaceOrientationLandscapeLeft UIInterfaceOrientationLandscapeRight";
				INFOPLIST_KEY_UISupportedInterfaceOrientations_iPhone = "UIInterfaceOrientationPortrait UIInterfaceOrientationLandscapeLeft UIInterfaceOrientationLandscapeRight";
				LD_RUNPATH_SEARCH_PATHS = (
					"$(inherited)",
					"@executable_path/Frameworks",
				);
				MARKETING_VERSION = 1.0;
				PRODUCT_BUNDLE_IDENTIFIER = "UNH-iOS-Spring2024.MathMindset-Murphy-Babu";
				PRODUCT_NAME = "$(TARGET_NAME)";
				SWIFT_EMIT_LOC_STRINGS = YES;
				SWIFT_VERSION = 5.0;
				TARGETED_DEVICE_FAMILY = "1,2";
			};
			name = Release;
		};
		FA566ECD2B69AFCE00F0FF20 /* Debug */ = {
			isa = XCBuildConfiguration;
			buildSettings = {
				ALWAYS_EMBED_SWIFT_STANDARD_LIBRARIES = YES;
				BUNDLE_LOADER = "$(TEST_HOST)";
				CODE_SIGN_STYLE = Automatic;
				CURRENT_PROJECT_VERSION = 1;
				DEVELOPMENT_TEAM = MKFL94JB3V;
				GENERATE_INFOPLIST_FILE = YES;
				IPHONEOS_DEPLOYMENT_TARGET = 17.2;
				MARKETING_VERSION = 1.0;
				PRODUCT_BUNDLE_IDENTIFIER = "UNH-iOS-Spring2024.MathMindset-Murphy-BabuTests";
				PRODUCT_NAME = "$(TARGET_NAME)";
				SWIFT_EMIT_LOC_STRINGS = NO;
				SWIFT_VERSION = 5.0;
				TARGETED_DEVICE_FAMILY = "1,2";
				TEST_HOST = "$(BUILT_PRODUCTS_DIR)/MathMindset-Murphy-Babu.app/$(BUNDLE_EXECUTABLE_FOLDER_PATH)/MathMindset-Murphy-Babu";
			};
			name = Debug;
		};
		FA566ECE2B69AFCE00F0FF20 /* Release */ = {
			isa = XCBuildConfiguration;
			buildSettings = {
				ALWAYS_EMBED_SWIFT_STANDARD_LIBRARIES = YES;
				BUNDLE_LOADER = "$(TEST_HOST)";
				CODE_SIGN_STYLE = Automatic;
				CURRENT_PROJECT_VERSION = 1;
				DEVELOPMENT_TEAM = MKFL94JB3V;
				GENERATE_INFOPLIST_FILE = YES;
				IPHONEOS_DEPLOYMENT_TARGET = 17.2;
				MARKETING_VERSION = 1.0;
				PRODUCT_BUNDLE_IDENTIFIER = "UNH-iOS-Spring2024.MathMindset-Murphy-BabuTests";
				PRODUCT_NAME = "$(TARGET_NAME)";
				SWIFT_EMIT_LOC_STRINGS = NO;
				SWIFT_VERSION = 5.0;
				TARGETED_DEVICE_FAMILY = "1,2";
				TEST_HOST = "$(BUILT_PRODUCTS_DIR)/MathMindset-Murphy-Babu.app/$(BUNDLE_EXECUTABLE_FOLDER_PATH)/MathMindset-Murphy-Babu";
			};
			name = Release;
		};
		FA566ED02B69AFCE00F0FF20 /* Debug */ = {
			isa = XCBuildConfiguration;
			buildSettings = {
				ALWAYS_EMBED_SWIFT_STANDARD_LIBRARIES = YES;
				CODE_SIGN_STYLE = Automatic;
				CURRENT_PROJECT_VERSION = 1;
				DEVELOPMENT_TEAM = MKFL94JB3V;
				GENERATE_INFOPLIST_FILE = YES;
				MARKETING_VERSION = 1.0;
				PRODUCT_BUNDLE_IDENTIFIER = "UNH-iOS-Spring2024.MathMindset-Murphy-BabuUITests";
				PRODUCT_NAME = "$(TARGET_NAME)";
				SWIFT_EMIT_LOC_STRINGS = NO;
				SWIFT_VERSION = 5.0;
				TARGETED_DEVICE_FAMILY = "1,2";
				TEST_TARGET_NAME = "MathMindset-Murphy-Babu";
			};
			name = Debug;
		};
		FA566ED12B69AFCE00F0FF20 /* Release */ = {
			isa = XCBuildConfiguration;
			buildSettings = {
				ALWAYS_EMBED_SWIFT_STANDARD_LIBRARIES = YES;
				CODE_SIGN_STYLE = Automatic;
				CURRENT_PROJECT_VERSION = 1;
				DEVELOPMENT_TEAM = MKFL94JB3V;
				GENERATE_INFOPLIST_FILE = YES;
				MARKETING_VERSION = 1.0;
				PRODUCT_BUNDLE_IDENTIFIER = "UNH-iOS-Spring2024.MathMindset-Murphy-BabuUITests";
				PRODUCT_NAME = "$(TARGET_NAME)";
				SWIFT_EMIT_LOC_STRINGS = NO;
				SWIFT_VERSION = 5.0;
				TARGETED_DEVICE_FAMILY = "1,2";
				TEST_TARGET_NAME = "MathMindset-Murphy-Babu";
			};
			name = Release;
		};
/* End XCBuildConfiguration section */

/* Begin XCConfigurationList section */
		FA566EA02B69AFCD00F0FF20 /* Build configuration list for PBXProject "MathMindset-Murphy-Babu" */ = {
			isa = XCConfigurationList;
			buildConfigurations = (
				FA566EC72B69AFCE00F0FF20 /* Debug */,
				FA566EC82B69AFCE00F0FF20 /* Release */,
			);
			defaultConfigurationIsVisible = 0;
			defaultConfigurationName = Release;
		};
		FA566EC92B69AFCE00F0FF20 /* Build configuration list for PBXNativeTarget "MathMindset-Murphy-Babu" */ = {
			isa = XCConfigurationList;
			buildConfigurations = (
				FA566ECA2B69AFCE00F0FF20 /* Debug */,
				FA566ECB2B69AFCE00F0FF20 /* Release */,
			);
			defaultConfigurationIsVisible = 0;
			defaultConfigurationName = Release;
		};
		FA566ECC2B69AFCE00F0FF20 /* Build configuration list for PBXNativeTarget "MathMindset-Murphy-BabuTests" */ = {
			isa = XCConfigurationList;
			buildConfigurations = (
				FA566ECD2B69AFCE00F0FF20 /* Debug */,
				FA566ECE2B69AFCE00F0FF20 /* Release */,
			);
			defaultConfigurationIsVisible = 0;
			defaultConfigurationName = Release;
		};
		FA566ECF2B69AFCE00F0FF20 /* Build configuration list for PBXNativeTarget "MathMindset-Murphy-BabuUITests" */ = {
			isa = XCConfigurationList;
			buildConfigurations = (
				FA566ED02B69AFCE00F0FF20 /* Debug */,
				FA566ED12B69AFCE00F0FF20 /* Release */,
			);
			defaultConfigurationIsVisible = 0;
			defaultConfigurationName = Release;
		};
/* End XCConfigurationList section */
	};
	rootObject = FA566E9D2B69AFCD00F0FF20 /* Project object */;
}
