// !$*UTF8*$!
{
	archiveVersion = 1;
	classes = {
	};
	objectVersion = 56;
	objects = {

/* Begin PBXBuildFile section */
		CE0BDE302BAB8E5E00D82078 /* GenerateProblems.swift in Sources */ = {isa = PBXBuildFile; fileRef = CE0BDE2F2BAB8E5E00D82078 /* GenerateProblems.swift */; };
		CE3864302BB13ED50001DB55 /* UserData.swift in Sources */ = {isa = PBXBuildFile; fileRef = CE38642F2BB13ED50001DB55 /* UserData.swift */; };
		CE5A96582BAE6EEA009411D4 /* CreateProblems.swift in Sources */ = {isa = PBXBuildFile; fileRef = CE5A96572BAE6EEA009411D4 /* CreateProblems.swift */; };
		CE5A965C2BAE7E1A009411D4 /* FirebaseAuth in Frameworks */ = {isa = PBXBuildFile; productRef = CE5A965B2BAE7E1A009411D4 /* FirebaseAuth */; };
		CE5A965E2BAE7E1A009411D4 /* FirebaseAuthCombine-Community in Frameworks */ = {isa = PBXBuildFile; productRef = CE5A965D2BAE7E1A009411D4 /* FirebaseAuthCombine-Community */; };
		CE5A96602BAE7E1A009411D4 /* FirebaseDatabase in Frameworks */ = {isa = PBXBuildFile; productRef = CE5A965F2BAE7E1A009411D4 /* FirebaseDatabase */; };
		CE5A96622BAE7E1A009411D4 /* FirebaseDatabaseSwift in Frameworks */ = {isa = PBXBuildFile; productRef = CE5A96612BAE7E1A009411D4 /* FirebaseDatabaseSwift */; };
		CE5A96642BAE7E1A009411D4 /* FirebaseFirestore in Frameworks */ = {isa = PBXBuildFile; productRef = CE5A96632BAE7E1A009411D4 /* FirebaseFirestore */; };
		CE5A96662BAE7E1A009411D4 /* FirebaseFirestoreCombine-Community in Frameworks */ = {isa = PBXBuildFile; productRef = CE5A96652BAE7E1A009411D4 /* FirebaseFirestoreCombine-Community */; };
		CE5A96682BAE7E1A009411D4 /* FirebaseFirestoreSwift in Frameworks */ = {isa = PBXBuildFile; productRef = CE5A96672BAE7E1A009411D4 /* FirebaseFirestoreSwift */; };
		CE5A966A2BAE7E1A009411D4 /* FirebaseStorage in Frameworks */ = {isa = PBXBuildFile; productRef = CE5A96692BAE7E1A009411D4 /* FirebaseStorage */; };
		CE5A966C2BAE7E1A009411D4 /* FirebaseStorageCombine-Community in Frameworks */ = {isa = PBXBuildFile; productRef = CE5A966B2BAE7E1A009411D4 /* FirebaseStorageCombine-Community */; };
		CE5A967E2BAE87CB009411D4 /* GoogleSignIn in Frameworks */ = {isa = PBXBuildFile; productRef = CE5A967D2BAE87CB009411D4 /* GoogleSignIn */; };
		CE5A96802BAE87CB009411D4 /* GoogleSignInSwift in Frameworks */ = {isa = PBXBuildFile; productRef = CE5A967F2BAE87CB009411D4 /* GoogleSignInSwift */; };
		CE5A96822BAE87FD009411D4 /* ProblemView.swift in Sources */ = {isa = PBXBuildFile; fileRef = CE5A96812BAE87FD009411D4 /* ProblemView.swift */; };
		CE5A96882BAE896A009411D4 /* HelperView.swift in Sources */ = {isa = PBXBuildFile; fileRef = CE5A96842BAE896A009411D4 /* HelperView.swift */; };
		CE5A96892BAE896A009411D4 /* SignInView.swift in Sources */ = {isa = PBXBuildFile; fileRef = CE5A96852BAE896A009411D4 /* SignInView.swift */; };
		CE5A968A2BAE896A009411D4 /* SignUpView.swift in Sources */ = {isa = PBXBuildFile; fileRef = CE5A96862BAE896A009411D4 /* SignUpView.swift */; };
		CE5A968B2BAE896A009411D4 /* ForgotPwdView.swift in Sources */ = {isa = PBXBuildFile; fileRef = CE5A96872BAE896A009411D4 /* ForgotPwdView.swift */; };
		CE5A968E2BAE89BB009411D4 /* FirebaseManager.swift in Sources */ = {isa = PBXBuildFile; fileRef = CE5A968D2BAE89BB009411D4 /* FirebaseManager.swift */; };
		CE5A96952BAE8BC4009411D4 /* BottomBar.swift in Sources */ = {isa = PBXBuildFile; fileRef = CE5A96942BAE8BC4009411D4 /* BottomBar.swift */; };
		CE5A96982BAE8E9F009411D4 /* ProblemOfDay.swift in Sources */ = {isa = PBXBuildFile; fileRef = CE5A96962BAE8E9F009411D4 /* ProblemOfDay.swift */; };
		CE5A96992BAE8E9F009411D4 /* TopicCard.swift in Sources */ = {isa = PBXBuildFile; fileRef = CE5A96972BAE8E9F009411D4 /* TopicCard.swift */; };
		CE98FFD92BB257160035F720 /* SplashScreenView.swift in Sources */ = {isa = PBXBuildFile; fileRef = CE98FFD82BB257160035F720 /* SplashScreenView.swift */; };
		CEA1B5162BAE90EE0068A0D3 /* GoogleService-Info.plist in Resources */ = {isa = PBXBuildFile; fileRef = CEA1B5152BAE90EE0068A0D3 /* GoogleService-Info.plist */; };
		CEA1B5182BAE9B370068A0D3 /* HomeView.swift in Sources */ = {isa = PBXBuildFile; fileRef = CEA1B5172BAE9B370068A0D3 /* HomeView.swift */; };
		CEA1B51A2BAF666F0068A0D3 /* ProblemData.swift in Sources */ = {isa = PBXBuildFile; fileRef = CEA1B5192BAF666F0068A0D3 /* ProblemData.swift */; };
		CEBEDE2A2BB8BE6200E13BEF /* OnboardingView.swift in Sources */ = {isa = PBXBuildFile; fileRef = CEBEDE292BB8BE6200E13BEF /* OnboardingView.swift */; };
		FA566EA92B69AFCD00F0FF20 /* MathMindset_Murphy_BabuApp.swift in Sources */ = {isa = PBXBuildFile; fileRef = FA566EA82B69AFCD00F0FF20 /* MathMindset_Murphy_BabuApp.swift */; };
		FA566EAB2B69AFCD00F0FF20 /* ContentView.swift in Sources */ = {isa = PBXBuildFile; fileRef = FA566EAA2B69AFCD00F0FF20 /* ContentView.swift */; };
		FA566EAD2B69AFCE00F0FF20 /* Assets.xcassets in Resources */ = {isa = PBXBuildFile; fileRef = FA566EAC2B69AFCE00F0FF20 /* Assets.xcassets */; };
		FA566EB02B69AFCE00F0FF20 /* Preview Assets.xcassets in Resources */ = {isa = PBXBuildFile; fileRef = FA566EAF2B69AFCE00F0FF20 /* Preview Assets.xcassets */; };
		FA566ED32B69B11500F0FF20 /* MathQuestion.swift in Sources */ = {isa = PBXBuildFile; fileRef = FA566ED22B69B11500F0FF20 /* MathQuestion.swift */; };
		FA78F7052B71B455006BF7C3 /* MultipleChoice.swift in Sources */ = {isa = PBXBuildFile; fileRef = FA78F7042B71B455006BF7C3 /* MultipleChoice.swift */; };
		FA7FAEA42B9268510056EF19 /* ConfettiSwiftUI in Frameworks */ = {isa = PBXBuildFile; productRef = FA7FAEA32B9268510056EF19 /* ConfettiSwiftUI */; };
		FA7FAEA82BA8EEA10056EF19 /* Home.swift in Sources */ = {isa = PBXBuildFile; fileRef = FA7FAEA72BA8EEA10056EF19 /* Home.swift */; };
		FA7FAEAC2BA8F1430056EF19 /* Profile.swift in Sources */ = {isa = PBXBuildFile; fileRef = FA7FAEAB2BA8F1430056EF19 /* Profile.swift */; };
		FA7FAEB12BA8F2C30056EF19 /* Leaderboards.swift in Sources */ = {isa = PBXBuildFile; fileRef = FA7FAEB02BA8F2C30056EF19 /* Leaderboards.swift */; };
/* End PBXBuildFile section */

/* Begin PBXContainerItemProxy section */
		FA566EB62B69AFCE00F0FF20 /* PBXContainerItemProxy */ = {
			isa = PBXContainerItemProxy;
			containerPortal = FA566E9D2B69AFCD00F0FF20 /* Project object */;
			proxyType = 1;
			remoteGlobalIDString = FA566EA42B69AFCD00F0FF20;
			remoteInfo = "MathMindset-Murphy-Babu";
		};
		FA566EC02B69AFCE00F0FF20 /* PBXContainerItemProxy */ = {
			isa = PBXContainerItemProxy;
			containerPortal = FA566E9D2B69AFCD00F0FF20 /* Project object */;
			proxyType = 1;
			remoteGlobalIDString = FA566EA42B69AFCD00F0FF20;
			remoteInfo = "MathMindset-Murphy-Babu";
		};
/* End PBXContainerItemProxy section */

/* Begin PBXFileReference section */
		CE0BDE2F2BAB8E5E00D82078 /* GenerateProblems.swift */ = {isa = PBXFileReference; lastKnownFileType = sourcecode.swift; path = GenerateProblems.swift; sourceTree = "<group>"; };
		CE38642F2BB13ED50001DB55 /* UserData.swift */ = {isa = PBXFileReference; lastKnownFileType = sourcecode.swift; path = UserData.swift; sourceTree = "<group>"; };
		CE5A96572BAE6EEA009411D4 /* CreateProblems.swift */ = {isa = PBXFileReference; lastKnownFileType = sourcecode.swift; path = CreateProblems.swift; sourceTree = "<group>"; };
		CE5A96812BAE87FD009411D4 /* ProblemView.swift */ = {isa = PBXFileReference; fileEncoding = 4; lastKnownFileType = sourcecode.swift; path = ProblemView.swift; sourceTree = "<group>"; };
		CE5A96842BAE896A009411D4 /* HelperView.swift */ = {isa = PBXFileReference; fileEncoding = 4; lastKnownFileType = sourcecode.swift; path = HelperView.swift; sourceTree = "<group>"; };
		CE5A96852BAE896A009411D4 /* SignInView.swift */ = {isa = PBXFileReference; fileEncoding = 4; lastKnownFileType = sourcecode.swift; path = SignInView.swift; sourceTree = "<group>"; };
		CE5A96862BAE896A009411D4 /* SignUpView.swift */ = {isa = PBXFileReference; fileEncoding = 4; lastKnownFileType = sourcecode.swift; path = SignUpView.swift; sourceTree = "<group>"; };
		CE5A96872BAE896A009411D4 /* ForgotPwdView.swift */ = {isa = PBXFileReference; fileEncoding = 4; lastKnownFileType = sourcecode.swift; path = ForgotPwdView.swift; sourceTree = "<group>"; };
		CE5A968D2BAE89BB009411D4 /* FirebaseManager.swift */ = {isa = PBXFileReference; fileEncoding = 4; lastKnownFileType = sourcecode.swift; path = FirebaseManager.swift; sourceTree = "<group>"; };
		CE5A96942BAE8BC4009411D4 /* BottomBar.swift */ = {isa = PBXFileReference; lastKnownFileType = sourcecode.swift; path = BottomBar.swift; sourceTree = "<group>"; };
		CE5A96962BAE8E9F009411D4 /* ProblemOfDay.swift */ = {isa = PBXFileReference; fileEncoding = 4; lastKnownFileType = sourcecode.swift; path = ProblemOfDay.swift; sourceTree = "<group>"; };
		CE5A96972BAE8E9F009411D4 /* TopicCard.swift */ = {isa = PBXFileReference; fileEncoding = 4; lastKnownFileType = sourcecode.swift; path = TopicCard.swift; sourceTree = "<group>"; };
		CE98FFD82BB257160035F720 /* SplashScreenView.swift */ = {isa = PBXFileReference; lastKnownFileType = sourcecode.swift; path = SplashScreenView.swift; sourceTree = "<group>"; };
		CEA1B5152BAE90EE0068A0D3 /* GoogleService-Info.plist */ = {isa = PBXFileReference; fileEncoding = 4; lastKnownFileType = text.plist.xml; name = "GoogleService-Info.plist"; path = "../BACKUP/MathMindset-Murphy-Babu/GoogleService-Info.plist"; sourceTree = "<group>"; };
		CEA1B5172BAE9B370068A0D3 /* HomeView.swift */ = {isa = PBXFileReference; lastKnownFileType = sourcecode.swift; path = HomeView.swift; sourceTree = "<group>"; };
		CEA1B5192BAF666F0068A0D3 /* ProblemData.swift */ = {isa = PBXFileReference; lastKnownFileType = sourcecode.swift; path = ProblemData.swift; sourceTree = "<group>"; };
		CEBEDE292BB8BE6200E13BEF /* OnboardingView.swift */ = {isa = PBXFileReference; lastKnownFileType = sourcecode.swift; path = OnboardingView.swift; sourceTree = "<group>"; };
		FA566EA52B69AFCD00F0FF20 /* MathMindset-Murphy-Babu.app */ = {isa = PBXFileReference; explicitFileType = wrapper.application; includeInIndex = 0; path = "MathMindset-Murphy-Babu.app"; sourceTree = BUILT_PRODUCTS_DIR; };
		FA566EA82B69AFCD00F0FF20 /* MathMindset_Murphy_BabuApp.swift */ = {isa = PBXFileReference; lastKnownFileType = sourcecode.swift; path = MathMindset_Murphy_BabuApp.swift; sourceTree = "<group>"; };
		FA566EAA2B69AFCD00F0FF20 /* ContentView.swift */ = {isa = PBXFileReference; lastKnownFileType = sourcecode.swift; path = ContentView.swift; sourceTree = "<group>"; };
		FA566EAC2B69AFCE00F0FF20 /* Assets.xcassets */ = {isa = PBXFileReference; lastKnownFileType = folder.assetcatalog; path = Assets.xcassets; sourceTree = "<group>"; };
		FA566EAF2B69AFCE00F0FF20 /* Preview Assets.xcassets */ = {isa = PBXFileReference; lastKnownFileType = folder.assetcatalog; path = "Preview Assets.xcassets"; sourceTree = "<group>"; };
		FA566EB52B69AFCE00F0FF20 /* MathMindset-Murphy-BabuTests.xctest */ = {isa = PBXFileReference; explicitFileType = wrapper.cfbundle; includeInIndex = 0; path = "MathMindset-Murphy-BabuTests.xctest"; sourceTree = BUILT_PRODUCTS_DIR; };
		FA566EBF2B69AFCE00F0FF20 /* MathMindset-Murphy-BabuUITests.xctest */ = {isa = PBXFileReference; explicitFileType = wrapper.cfbundle; includeInIndex = 0; path = "MathMindset-Murphy-BabuUITests.xctest"; sourceTree = BUILT_PRODUCTS_DIR; };
		FA566ED22B69B11500F0FF20 /* MathQuestion.swift */ = {isa = PBXFileReference; lastKnownFileType = sourcecode.swift; path = MathQuestion.swift; sourceTree = "<group>"; };
		FA78F7042B71B455006BF7C3 /* MultipleChoice.swift */ = {isa = PBXFileReference; lastKnownFileType = sourcecode.swift; path = MultipleChoice.swift; sourceTree = "<group>"; };
		FA7FAEA72BA8EEA10056EF19 /* Home.swift */ = {isa = PBXFileReference; lastKnownFileType = sourcecode.swift; path = Home.swift; sourceTree = "<group>"; };
		FA7FAEAB2BA8F1430056EF19 /* Profile.swift */ = {isa = PBXFileReference; lastKnownFileType = sourcecode.swift; path = Profile.swift; sourceTree = "<group>"; };
		FA7FAEAE2BA8F1660056EF19 /* BottomBar.swift */ = {isa = PBXFileReference; lastKnownFileType = sourcecode.swift; path = BottomBar.swift; sourceTree = "<group>"; };
		FA7FAEB02BA8F2C30056EF19 /* Leaderboards.swift */ = {isa = PBXFileReference; lastKnownFileType = sourcecode.swift; path = Leaderboards.swift; sourceTree = "<group>"; };
/* End PBXFileReference section */

/* Begin PBXFrameworksBuildPhase section */
		FA566EA22B69AFCD00F0FF20 /* Frameworks */ = {
			isa = PBXFrameworksBuildPhase;
			buildActionMask = 2147483647;
			files = (
				CE5A96622BAE7E1A009411D4 /* FirebaseDatabaseSwift in Frameworks */,
				FA7FAEA42B9268510056EF19 /* ConfettiSwiftUI in Frameworks */,
				CE5A967E2BAE87CB009411D4 /* GoogleSignIn in Frameworks */,
				CE5A96802BAE87CB009411D4 /* GoogleSignInSwift in Frameworks */,
				CE5A966C2BAE7E1A009411D4 /* FirebaseStorageCombine-Community in Frameworks */,
				CE5A966A2BAE7E1A009411D4 /* FirebaseStorage in Frameworks */,
				CE5A965E2BAE7E1A009411D4 /* FirebaseAuthCombine-Community in Frameworks */,
				CE5A96602BAE7E1A009411D4 /* FirebaseDatabase in Frameworks */,
				CE5A965C2BAE7E1A009411D4 /* FirebaseAuth in Frameworks */,
				CE5A96642BAE7E1A009411D4 /* FirebaseFirestore in Frameworks */,
				CE5A96662BAE7E1A009411D4 /* FirebaseFirestoreCombine-Community in Frameworks */,
				CE5A96682BAE7E1A009411D4 /* FirebaseFirestoreSwift in Frameworks */,
			);
			runOnlyForDeploymentPostprocessing = 0;
		};
		FA566EB22B69AFCE00F0FF20 /* Frameworks */ = {
			isa = PBXFrameworksBuildPhase;
			buildActionMask = 2147483647;
			files = (
			);
			runOnlyForDeploymentPostprocessing = 0;
		};
		FA566EBC2B69AFCE00F0FF20 /* Frameworks */ = {
			isa = PBXFrameworksBuildPhase;
			buildActionMask = 2147483647;
			files = (
			);
			runOnlyForDeploymentPostprocessing = 0;
		};
/* End PBXFrameworksBuildPhase section */

/* Begin PBXGroup section */
		CE1000662BA7505200B9D7B1 /* ProblemPage */ = {
			isa = PBXGroup;
			children = (
				CE1000692BA7506900B9D7B1 /* Model */,
				CE1000682BA7506300B9D7B1 /* View */,
				CE1000672BA7505D00B9D7B1 /* Controller */,
			);
			path = ProblemPage;
			sourceTree = "<group>";
		};
		CE1000672BA7505D00B9D7B1 /* Controller */ = {
			isa = PBXGroup;
			children = (
			);
			path = Controller;
			sourceTree = "<group>";
		};
		CE1000682BA7506300B9D7B1 /* View */ = {
			isa = PBXGroup;
			children = (
				CE5A96812BAE87FD009411D4 /* ProblemView.swift */,
				CE0BDE2F2BAB8E5E00D82078 /* GenerateProblems.swift */,
				CE5A96572BAE6EEA009411D4 /* CreateProblems.swift */,
			);
			path = View;
			sourceTree = "<group>";
		};
		CE1000692BA7506900B9D7B1 /* Model */ = {
			isa = PBXGroup;
			children = (
			);
			path = Model;
			sourceTree = "<group>";
		};
		CE5A96592BAE7596009411D4 /* Recovered References */ = {
			isa = PBXGroup;
			children = (
				FA7FAEAE2BA8F1660056EF19 /* BottomBar.swift */,
			);
			name = "Recovered References";
			sourceTree = "<group>";
		};
		CE5A96832BAE8932009411D4 /* View */ = {
			isa = PBXGroup;
			children = (
				CE5A96872BAE896A009411D4 /* ForgotPwdView.swift */,
				CE5A96842BAE896A009411D4 /* HelperView.swift */,
				CE5A96852BAE896A009411D4 /* SignInView.swift */,
				CE5A96862BAE896A009411D4 /* SignUpView.swift */,
			);
			path = View;
			sourceTree = "<group>";
		};
		CE5A968C2BAE8977009411D4 /* Controller */ = {
			isa = PBXGroup;
			children = (
				CE5A968D2BAE89BB009411D4 /* FirebaseManager.swift */,
			);
			path = Controller;
			sourceTree = "<group>";
		};
		CE5A96932BAE8BB1009411D4 /* UI */ = {
			isa = PBXGroup;
			children = (
				CE5A96942BAE8BC4009411D4 /* BottomBar.swift */,
			);
			path = UI;
			sourceTree = "<group>";
		};
		CE7312AB2B979FE1002F11DD /* SignIn */ = {
			isa = PBXGroup;
			children = (
				CE7312AE2B97A00A002F11DD /* Model */,
				CE5A96832BAE8932009411D4 /* View */,
				CE5A968C2BAE8977009411D4 /* Controller */,
			);
			path = SignIn;
			sourceTree = "<group>";
		};
		CE7312AE2B97A00A002F11DD /* Model */ = {
			isa = PBXGroup;
			children = (
			);
			path = Model;
			sourceTree = "<group>";
		};
		FA566E9C2B69AFCD00F0FF20 = {
			isa = PBXGroup;
			children = (
				FA566EA72B69AFCD00F0FF20 /* MathMindset-Murphy-Babu */,
				CEA1B5152BAE90EE0068A0D3 /* GoogleService-Info.plist */,
				FA566EA62B69AFCD00F0FF20 /* Products */,
				CE5A96592BAE7596009411D4 /* Recovered References */,
			);
			sourceTree = "<group>";
		};
		FA566EA62B69AFCD00F0FF20 /* Products */ = {
			isa = PBXGroup;
			children = (
				FA566EA52B69AFCD00F0FF20 /* MathMindset-Murphy-Babu.app */,
				FA566EB52B69AFCE00F0FF20 /* MathMindset-Murphy-BabuTests.xctest */,
				FA566EBF2B69AFCE00F0FF20 /* MathMindset-Murphy-BabuUITests.xctest */,
			);
			name = Products;
			sourceTree = "<group>";
		};
		FA566EA72B69AFCD00F0FF20 /* MathMindset-Murphy-Babu */ = {
			isa = PBXGroup;
			children = (
				CE5A96932BAE8BB1009411D4 /* UI */,
				CE1000662BA7505200B9D7B1 /* ProblemPage */,
				CE7312AB2B979FE1002F11DD /* SignIn */,
				FA78F7022B71B419006BF7C3 /* Model */,
				FA78F7032B71B436006BF7C3 /* Views */,
				FA566EA82B69AFCD00F0FF20 /* MathMindset_Murphy_BabuApp.swift */,
				FA566EAA2B69AFCD00F0FF20 /* ContentView.swift */,
				FA566EAC2B69AFCE00F0FF20 /* Assets.xcassets */,
				FA566EAE2B69AFCE00F0FF20 /* Preview Content */,
			);
			path = "MathMindset-Murphy-Babu";
			sourceTree = "<group>";
		};
		FA566EAE2B69AFCE00F0FF20 /* Preview Content */ = {
			isa = PBXGroup;
			children = (
				FA566EAF2B69AFCE00F0FF20 /* Preview Assets.xcassets */,
			);
			path = "Preview Content";
			sourceTree = "<group>";
		};
		FA78F7022B71B419006BF7C3 /* Model */ = {
			isa = PBXGroup;
			children = (
				FA566ED22B69B11500F0FF20 /* MathQuestion.swift */,
				CEA1B5192BAF666F0068A0D3 /* ProblemData.swift */,
				CE38642F2BB13ED50001DB55 /* UserData.swift */,
			);
			path = Model;
			sourceTree = "<group>";
		};
		FA78F7032B71B436006BF7C3 /* Views */ = {
			isa = PBXGroup;
			children = (
				CE5A96962BAE8E9F009411D4 /* ProblemOfDay.swift */,
				CE5A96972BAE8E9F009411D4 /* TopicCard.swift */,
				FA78F7042B71B455006BF7C3 /* MultipleChoice.swift */,
				FA7FAEA72BA8EEA10056EF19 /* Home.swift */,
				FA7FAEAB2BA8F1430056EF19 /* Profile.swift */,
				FA7FAEB02BA8F2C30056EF19 /* Leaderboards.swift */,
				CEA1B5172BAE9B370068A0D3 /* HomeView.swift */,
				CE98FFD82BB257160035F720 /* SplashScreenView.swift */,
				CEBEDE292BB8BE6200E13BEF /* OnboardingView.swift */,
			);
			path = Views;
			sourceTree = "<group>";
		};
/* End PBXGroup section */

/* Begin PBXNativeTarget section */
		FA566EA42B69AFCD00F0FF20 /* MathMindset-Murphy-Babu */ = {
			isa = PBXNativeTarget;
			buildConfigurationList = FA566EC92B69AFCE00F0FF20 /* Build configuration list for PBXNativeTarget "MathMindset-Murphy-Babu" */;
			buildPhases = (
				FA566EA12B69AFCD00F0FF20 /* Sources */,
				FA566EA22B69AFCD00F0FF20 /* Frameworks */,
				FA566EA32B69AFCD00F0FF20 /* Resources */,
			);
			buildRules = (
			);
			dependencies = (
			);
			name = "MathMindset-Murphy-Babu";
			packageProductDependencies = (
				FA7FAEA32B9268510056EF19 /* ConfettiSwiftUI */,
				CE5A965B2BAE7E1A009411D4 /* FirebaseAuth */,
				CE5A965D2BAE7E1A009411D4 /* FirebaseAuthCombine-Community */,
				CE5A965F2BAE7E1A009411D4 /* FirebaseDatabase */,
				CE5A96612BAE7E1A009411D4 /* FirebaseDatabaseSwift */,
				CE5A96632BAE7E1A009411D4 /* FirebaseFirestore */,
				CE5A96652BAE7E1A009411D4 /* FirebaseFirestoreCombine-Community */,
				CE5A96672BAE7E1A009411D4 /* FirebaseFirestoreSwift */,
				CE5A96692BAE7E1A009411D4 /* FirebaseStorage */,
				CE5A966B2BAE7E1A009411D4 /* FirebaseStorageCombine-Community */,
				CE5A967D2BAE87CB009411D4 /* GoogleSignIn */,
				CE5A967F2BAE87CB009411D4 /* GoogleSignInSwift */,
			);
			productName = "MathMindset-Murphy-Babu";
			productReference = FA566EA52B69AFCD00F0FF20 /* MathMindset-Murphy-Babu.app */;
			productType = "com.apple.product-type.application";
		};
		FA566EB42B69AFCE00F0FF20 /* MathMindset-Murphy-BabuTests */ = {
			isa = PBXNativeTarget;
			buildConfigurationList = FA566ECC2B69AFCE00F0FF20 /* Build configuration list for PBXNativeTarget "MathMindset-Murphy-BabuTests" */;
			buildPhases = (
				FA566EB12B69AFCE00F0FF20 /* Sources */,
				FA566EB22B69AFCE00F0FF20 /* Frameworks */,
				FA566EB32B69AFCE00F0FF20 /* Resources */,
			);
			buildRules = (
			);
			dependencies = (
				FA566EB72B69AFCE00F0FF20 /* PBXTargetDependency */,
			);
			name = "MathMindset-Murphy-BabuTests";
			productName = "MathMindset-Murphy-BabuTests";
			productReference = FA566EB52B69AFCE00F0FF20 /* MathMindset-Murphy-BabuTests.xctest */;
			productType = "com.apple.product-type.bundle.unit-test";
		};
		FA566EBE2B69AFCE00F0FF20 /* MathMindset-Murphy-BabuUITests */ = {
			isa = PBXNativeTarget;
			buildConfigurationList = FA566ECF2B69AFCE00F0FF20 /* Build configuration list for PBXNativeTarget "MathMindset-Murphy-BabuUITests" */;
			buildPhases = (
				FA566EBB2B69AFCE00F0FF20 /* Sources */,
				FA566EBC2B69AFCE00F0FF20 /* Frameworks */,
				FA566EBD2B69AFCE00F0FF20 /* Resources */,
			);
			buildRules = (
			);
			dependencies = (
				FA566EC12B69AFCE00F0FF20 /* PBXTargetDependency */,
			);
			name = "MathMindset-Murphy-BabuUITests";
			productName = "MathMindset-Murphy-BabuUITests";
			productReference = FA566EBF2B69AFCE00F0FF20 /* MathMindset-Murphy-BabuUITests.xctest */;
			productType = "com.apple.product-type.bundle.ui-testing";
		};
/* End PBXNativeTarget section */

/* Begin PBXProject section */
		FA566E9D2B69AFCD00F0FF20 /* Project object */ = {
			isa = PBXProject;
			attributes = {
				BuildIndependentTargetsInParallel = 1;
				LastSwiftUpdateCheck = 1520;
				LastUpgradeCheck = 1520;
				TargetAttributes = {
					FA566EA42B69AFCD00F0FF20 = {
						CreatedOnToolsVersion = 15.2;
					};
					FA566EB42B69AFCE00F0FF20 = {
						CreatedOnToolsVersion = 15.2;
						TestTargetID = FA566EA42B69AFCD00F0FF20;
					};
					FA566EBE2B69AFCE00F0FF20 = {
						CreatedOnToolsVersion = 15.2;
						TestTargetID = FA566EA42B69AFCD00F0FF20;
					};
				};
			};
			buildConfigurationList = FA566EA02B69AFCD00F0FF20 /* Build configuration list for PBXProject "MathMindset-Murphy-Babu" */;
			compatibilityVersion = "Xcode 14.0";
			developmentRegion = en;
			hasScannedForEncodings = 0;
			knownRegions = (
				en,
				Base,
			);
			mainGroup = FA566E9C2B69AFCD00F0FF20;
			packageReferences = (
				FA7FAEA22B9268510056EF19 /* XCRemoteSwiftPackageReference "ConfettiSwiftUI" */,
				CE5A965A2BAE7E1A009411D4 /* XCRemoteSwiftPackageReference "firebase-ios-sdk" */,
				CE5A967C2BAE87CB009411D4 /* XCRemoteSwiftPackageReference "GoogleSignIn-iOS" */,
			);
			productRefGroup = FA566EA62B69AFCD00F0FF20 /* Products */;
			projectDirPath = "";
			projectRoot = "";
			targets = (
				FA566EA42B69AFCD00F0FF20 /* MathMindset-Murphy-Babu */,
				FA566EB42B69AFCE00F0FF20 /* MathMindset-Murphy-BabuTests */,
				FA566EBE2B69AFCE00F0FF20 /* MathMindset-Murphy-BabuUITests */,
			);
		};
/* End PBXProject section */

/* Begin PBXResourcesBuildPhase section */
		FA566EA32B69AFCD00F0FF20 /* Resources */ = {
			isa = PBXResourcesBuildPhase;
			buildActionMask = 2147483647;
			files = (
				FA566EB02B69AFCE00F0FF20 /* Preview Assets.xcassets in Resources */,
				FA566EAD2B69AFCE00F0FF20 /* Assets.xcassets in Resources */,
				CEA1B5162BAE90EE0068A0D3 /* GoogleService-Info.plist in Resources */,
			);
			runOnlyForDeploymentPostprocessing = 0;
		};
		FA566EB32B69AFCE00F0FF20 /* Resources */ = {
			isa = PBXResourcesBuildPhase;
			buildActionMask = 2147483647;
			files = (
			);
			runOnlyForDeploymentPostprocessing = 0;
		};
		FA566EBD2B69AFCE00F0FF20 /* Resources */ = {
			isa = PBXResourcesBuildPhase;
			buildActionMask = 2147483647;
			files = (
			);
			runOnlyForDeploymentPostprocessing = 0;
		};
/* End PBXResourcesBuildPhase section */

/* Begin PBXSourcesBuildPhase section */
		FA566EA12B69AFCD00F0FF20 /* Sources */ = {
			isa = PBXSourcesBuildPhase;
			buildActionMask = 2147483647;
			files = (
				CE5A96822BAE87FD009411D4 /* ProblemView.swift in Sources */,
				CE5A968A2BAE896A009411D4 /* SignUpView.swift in Sources */,
				FA566ED32B69B11500F0FF20 /* MathQuestion.swift in Sources */,
				FA566EAB2B69AFCD00F0FF20 /* ContentView.swift in Sources */,
				FA7FAEA82BA8EEA10056EF19 /* Home.swift in Sources */,
				CE5A968B2BAE896A009411D4 /* ForgotPwdView.swift in Sources */,
				FA7FAEAC2BA8F1430056EF19 /* Profile.swift in Sources */,
				CE5A96952BAE8BC4009411D4 /* BottomBar.swift in Sources */,
				FA7FAEB12BA8F2C30056EF19 /* Leaderboards.swift in Sources */,
				FA566EA92B69AFCD00F0FF20 /* MathMindset_Murphy_BabuApp.swift in Sources */,
				CE5A96892BAE896A009411D4 /* SignInView.swift in Sources */,
				FA78F7052B71B455006BF7C3 /* MultipleChoice.swift in Sources */,
				CE0BDE302BAB8E5E00D82078 /* GenerateProblems.swift in Sources */,
				CEA1B5182BAE9B370068A0D3 /* HomeView.swift in Sources */,
				CE5A96582BAE6EEA009411D4 /* CreateProblems.swift in Sources */,
				CE98FFD92BB257160035F720 /* SplashScreenView.swift in Sources */,
				CE3864302BB13ED50001DB55 /* UserData.swift in Sources */,
				CE5A96882BAE896A009411D4 /* HelperView.swift in Sources */,
				CE5A96992BAE8E9F009411D4 /* TopicCard.swift in Sources */,
				CE5A968E2BAE89BB009411D4 /* FirebaseManager.swift in Sources */,
				CE5A96982BAE8E9F009411D4 /* ProblemOfDay.swift in Sources */,
				CEBEDE2A2BB8BE6200E13BEF /* OnboardingView.swift in Sources */,
				CEA1B51A2BAF666F0068A0D3 /* ProblemData.swift in Sources */,
			);
			runOnlyForDeploymentPostprocessing = 0;
		};
		FA566EB12B69AFCE00F0FF20 /* Sources */ = {
			isa = PBXSourcesBuildPhase;
			buildActionMask = 2147483647;
			files = (
			);
			runOnlyForDeploymentPostprocessing = 0;
		};
		FA566EBB2B69AFCE00F0FF20 /* Sources */ = {
			isa = PBXSourcesBuildPhase;
			buildActionMask = 2147483647;
			files = (
			);
			runOnlyForDeploymentPostprocessing = 0;
		};
/* End PBXSourcesBuildPhase section */

/* Begin PBXTargetDependency section */
		FA566EB72B69AFCE00F0FF20 /* PBXTargetDependency */ = {
			isa = PBXTargetDependency;
			target = FA566EA42B69AFCD00F0FF20 /* MathMindset-Murphy-Babu */;
			targetProxy = FA566EB62B69AFCE00F0FF20 /* PBXContainerItemProxy */;
		};
		FA566EC12B69AFCE00F0FF20 /* PBXTargetDependency */ = {
			isa = PBXTargetDependency;
			target = FA566EA42B69AFCD00F0FF20 /* MathMindset-Murphy-Babu */;
			targetProxy = FA566EC02B69AFCE00F0FF20 /* PBXContainerItemProxy */;
		};
/* End PBXTargetDependency section */

/* Begin XCBuildConfiguration section */
		FA566EC72B69AFCE00F0FF20 /* Debug */ = {
			isa = XCBuildConfiguration;
			buildSettings = {
				ALWAYS_SEARCH_USER_PATHS = NO;
				ASSETCATALOG_COMPILER_GENERATE_SWIFT_ASSET_SYMBOL_EXTENSIONS = YES;
				CLANG_ANALYZER_NONNULL = YES;
				CLANG_ANALYZER_NUMBER_OBJECT_CONVERSION = YES_AGGRESSIVE;
				CLANG_CXX_LANGUAGE_STANDARD = "gnu++20";
				CLANG_ENABLE_MODULES = YES;
				CLANG_ENABLE_OBJC_ARC = YES;
				CLANG_ENABLE_OBJC_WEAK = YES;
				CLANG_WARN_BLOCK_CAPTURE_AUTORELEASING = YES;
				CLANG_WARN_BOOL_CONVERSION = YES;
				CLANG_WARN_COMMA = YES;
				CLANG_WARN_CONSTANT_CONVERSION = YES;
				CLANG_WARN_DEPRECATED_OBJC_IMPLEMENTATIONS = YES;
				CLANG_WARN_DIRECT_OBJC_ISA_USAGE = YES_ERROR;
				CLANG_WARN_DOCUMENTATION_COMMENTS = YES;
				CLANG_WARN_EMPTY_BODY = YES;
				CLANG_WARN_ENUM_CONVERSION = YES;
				CLANG_WARN_INFINITE_RECURSION = YES;
				CLANG_WARN_INT_CONVERSION = YES;
				CLANG_WARN_NON_LITERAL_NULL_CONVERSION = YES;
				CLANG_WARN_OBJC_IMPLICIT_RETAIN_SELF = YES;
				CLANG_WARN_OBJC_LITERAL_CONVERSION = YES;
				CLANG_WARN_OBJC_ROOT_CLASS = YES_ERROR;
				CLANG_WARN_QUOTED_INCLUDE_IN_FRAMEWORK_HEADER = YES;
				CLANG_WARN_RANGE_LOOP_ANALYSIS = YES;
				CLANG_WARN_STRICT_PROTOTYPES = YES;
				CLANG_WARN_SUSPICIOUS_MOVE = YES;
				CLANG_WARN_UNGUARDED_AVAILABILITY = YES_AGGRESSIVE;
				CLANG_WARN_UNREACHABLE_CODE = YES;
				CLANG_WARN__DUPLICATE_METHOD_MATCH = YES;
				COPY_PHASE_STRIP = NO;
				DEBUG_INFORMATION_FORMAT = dwarf;
				ENABLE_STRICT_OBJC_MSGSEND = YES;
				ENABLE_TESTABILITY = YES;
				ENABLE_USER_SCRIPT_SANDBOXING = YES;
				GCC_C_LANGUAGE_STANDARD = gnu17;
				GCC_DYNAMIC_NO_PIC = NO;
				GCC_NO_COMMON_BLOCKS = YES;
				GCC_OPTIMIZATION_LEVEL = 0;
				GCC_PREPROCESSOR_DEFINITIONS = (
					"DEBUG=1",
					"$(inherited)",
				);
				GCC_WARN_64_TO_32_BIT_CONVERSION = YES;
				GCC_WARN_ABOUT_RETURN_TYPE = YES_ERROR;
				GCC_WARN_UNDECLARED_SELECTOR = YES;
				GCC_WARN_UNINITIALIZED_AUTOS = YES_AGGRESSIVE;
				GCC_WARN_UNUSED_FUNCTION = YES;
				GCC_WARN_UNUSED_VARIABLE = YES;
				IPHONEOS_DEPLOYMENT_TARGET = 17.2;
				LOCALIZATION_PREFERS_STRING_CATALOGS = YES;
				MTL_ENABLE_DEBUG_INFO = INCLUDE_SOURCE;
				MTL_FAST_MATH = YES;
				ONLY_ACTIVE_ARCH = YES;
				SDKROOT = iphoneos;
				SWIFT_ACTIVE_COMPILATION_CONDITIONS = "DEBUG $(inherited)";
				SWIFT_OPTIMIZATION_LEVEL = "-Onone";
			};
			name = Debug;
		};
		FA566EC82B69AFCE00F0FF20 /* Release */ = {
			isa = XCBuildConfiguration;
			buildSettings = {
				ALWAYS_SEARCH_USER_PATHS = NO;
				ASSETCATALOG_COMPILER_GENERATE_SWIFT_ASSET_SYMBOL_EXTENSIONS = YES;
				CLANG_ANALYZER_NONNULL = YES;
				CLANG_ANALYZER_NUMBER_OBJECT_CONVERSION = YES_AGGRESSIVE;
				CLANG_CXX_LANGUAGE_STANDARD = "gnu++20";
				CLANG_ENABLE_MODULES = YES;
				CLANG_ENABLE_OBJC_ARC = YES;
				CLANG_ENABLE_OBJC_WEAK = YES;
				CLANG_WARN_BLOCK_CAPTURE_AUTORELEASING = YES;
				CLANG_WARN_BOOL_CONVERSION = YES;
				CLANG_WARN_COMMA = YES;
				CLANG_WARN_CONSTANT_CONVERSION = YES;
				CLANG_WARN_DEPRECATED_OBJC_IMPLEMENTATIONS = YES;
				CLANG_WARN_DIRECT_OBJC_ISA_USAGE = YES_ERROR;
				CLANG_WARN_DOCUMENTATION_COMMENTS = YES;
				CLANG_WARN_EMPTY_BODY = YES;
				CLANG_WARN_ENUM_CONVERSION = YES;
				CLANG_WARN_INFINITE_RECURSION = YES;
				CLANG_WARN_INT_CONVERSION = YES;
				CLANG_WARN_NON_LITERAL_NULL_CONVERSION = YES;
				CLANG_WARN_OBJC_IMPLICIT_RETAIN_SELF = YES;
				CLANG_WARN_OBJC_LITERAL_CONVERSION = YES;
				CLANG_WARN_OBJC_ROOT_CLASS = YES_ERROR;
				CLANG_WARN_QUOTED_INCLUDE_IN_FRAMEWORK_HEADER = YES;
				CLANG_WARN_RANGE_LOOP_ANALYSIS = YES;
				CLANG_WARN_STRICT_PROTOTYPES = YES;
				CLANG_WARN_SUSPICIOUS_MOVE = YES;
				CLANG_WARN_UNGUARDED_AVAILABILITY = YES_AGGRESSIVE;
				CLANG_WARN_UNREACHABLE_CODE = YES;
				CLANG_WARN__DUPLICATE_METHOD_MATCH = YES;
				COPY_PHASE_STRIP = NO;
				DEBUG_INFORMATION_FORMAT = "dwarf-with-dsym";
				ENABLE_NS_ASSERTIONS = NO;
				ENABLE_STRICT_OBJC_MSGSEND = YES;
				ENABLE_USER_SCRIPT_SANDBOXING = YES;
				GCC_C_LANGUAGE_STANDARD = gnu17;
				GCC_NO_COMMON_BLOCKS = YES;
				GCC_WARN_64_TO_32_BIT_CONVERSION = YES;
				GCC_WARN_ABOUT_RETURN_TYPE = YES_ERROR;
				GCC_WARN_UNDECLARED_SELECTOR = YES;
				GCC_WARN_UNINITIALIZED_AUTOS = YES_AGGRESSIVE;
				GCC_WARN_UNUSED_FUNCTION = YES;
				GCC_WARN_UNUSED_VARIABLE = YES;
				IPHONEOS_DEPLOYMENT_TARGET = 17.2;
				LOCALIZATION_PREFERS_STRING_CATALOGS = YES;
				MTL_ENABLE_DEBUG_INFO = NO;
				MTL_FAST_MATH = YES;
				SDKROOT = iphoneos;
				SWIFT_COMPILATION_MODE = wholemodule;
				VALIDATE_PRODUCT = YES;
			};
			name = Release;
		};
		FA566ECA2B69AFCE00F0FF20 /* Debug */ = {
			isa = XCBuildConfiguration;
			buildSettings = {
				ASSETCATALOG_COMPILER_APPICON_NAME = AppIcon;
				ASSETCATALOG_COMPILER_GLOBAL_ACCENT_COLOR_NAME = AccentColor;
				CODE_SIGN_STYLE = Automatic;
				CURRENT_PROJECT_VERSION = 1;
				DEVELOPMENT_ASSET_PATHS = "\"MathMindset-Murphy-Babu/Preview Content\"";
				DEVELOPMENT_TEAM = MKFL94JB3V;
				ENABLE_PREVIEWS = YES;
				GENERATE_INFOPLIST_FILE = YES;
				INFOPLIST_KEY_UIApplicationSceneManifest_Generation = YES;
				INFOPLIST_KEY_UIApplicationSupportsIndirectInputEvents = YES;
				INFOPLIST_KEY_UILaunchScreen_Generation = YES;
				INFOPLIST_KEY_UISupportedInterfaceOrientations_iPad = "UIInterfaceOrientationPortrait UIInterfaceOrientationPortraitUpsideDown UIInterfaceOrientationLandscapeLeft UIInterfaceOrientationLandscapeRight";
				INFOPLIST_KEY_UISupportedInterfaceOrientations_iPhone = "UIInterfaceOrientationPortrait UIInterfaceOrientationLandscapeLeft UIInterfaceOrientationLandscapeRight";
				LD_RUNPATH_SEARCH_PATHS = (
					"$(inherited)",
					"@executable_path/Frameworks",
				);
				MARKETING_VERSION = 1.0;
				PRODUCT_BUNDLE_IDENTIFIER = "UNH-iOS-Spring2024.MathMindset-Murphy-Babu";
				PRODUCT_NAME = "$(TARGET_NAME)";
				SWIFT_EMIT_LOC_STRINGS = YES;
				SWIFT_VERSION = 5.0;
				TARGETED_DEVICE_FAMILY = "1,2";
			};
			name = Debug;
		};
		FA566ECB2B69AFCE00F0FF20 /* Release */ = {
			isa = XCBuildConfiguration;
			buildSettings = {
				ASSETCATALOG_COMPILER_APPICON_NAME = AppIcon;
				ASSETCATALOG_COMPILER_GLOBAL_ACCENT_COLOR_NAME = AccentColor;
				CODE_SIGN_STYLE = Automatic;
				CURRENT_PROJECT_VERSION = 1;
				DEVELOPMENT_ASSET_PATHS = "\"MathMindset-Murphy-Babu/Preview Content\"";
				DEVELOPMENT_TEAM = MKFL94JB3V;
				ENABLE_PREVIEWS = YES;
				GENERATE_INFOPLIST_FILE = YES;
				INFOPLIST_KEY_UIApplicationSceneManifest_Generation = YES;
				INFOPLIST_KEY_UIApplicationSupportsIndirectInputEvents = YES;
				INFOPLIST_KEY_UILaunchScreen_Generation = YES;
				INFOPLIST_KEY_UISupportedInterfaceOrientations_iPad = "UIInterfaceOrientationPortrait UIInterfaceOrientationPortraitUpsideDown UIInterfaceOrientationLandscapeLeft UIInterfaceOrientationLandscapeRight";
				INFOPLIST_KEY_UISupportedInterfaceOrientations_iPhone = "UIInterfaceOrientationPortrait UIInterfaceOrientationLandscapeLeft UIInterfaceOrientationLandscapeRight";
				LD_RUNPATH_SEARCH_PATHS = (
					"$(inherited)",
					"@executable_path/Frameworks",
				);
				MARKETING_VERSION = 1.0;
				PRODUCT_BUNDLE_IDENTIFIER = "UNH-iOS-Spring2024.MathMindset-Murphy-Babu";
				PRODUCT_NAME = "$(TARGET_NAME)";
				SWIFT_EMIT_LOC_STRINGS = YES;
				SWIFT_VERSION = 5.0;
				TARGETED_DEVICE_FAMILY = "1,2";
			};
			name = Release;
		};
		FA566ECD2B69AFCE00F0FF20 /* Debug */ = {
			isa = XCBuildConfiguration;
			buildSettings = {
				ALWAYS_EMBED_SWIFT_STANDARD_LIBRARIES = YES;
				BUNDLE_LOADER = "$(TEST_HOST)";
				CODE_SIGN_STYLE = Automatic;
				CURRENT_PROJECT_VERSION = 1;
				DEVELOPMENT_TEAM = MKFL94JB3V;
				GENERATE_INFOPLIST_FILE = YES;
				IPHONEOS_DEPLOYMENT_TARGET = 17.2;
				MARKETING_VERSION = 1.0;
				PRODUCT_BUNDLE_IDENTIFIER = "UNH-iOS-Spring2024.MathMindset-Murphy-BabuTests";
				PRODUCT_NAME = "$(TARGET_NAME)";
				SWIFT_EMIT_LOC_STRINGS = NO;
				SWIFT_VERSION = 5.0;
				TARGETED_DEVICE_FAMILY = "1,2";
				TEST_HOST = "$(BUILT_PRODUCTS_DIR)/MathMindset-Murphy-Babu.app/$(BUNDLE_EXECUTABLE_FOLDER_PATH)/MathMindset-Murphy-Babu";
			};
			name = Debug;
		};
		FA566ECE2B69AFCE00F0FF20 /* Release */ = {
			isa = XCBuildConfiguration;
			buildSettings = {
				ALWAYS_EMBED_SWIFT_STANDARD_LIBRARIES = YES;
				BUNDLE_LOADER = "$(TEST_HOST)";
				CODE_SIGN_STYLE = Automatic;
				CURRENT_PROJECT_VERSION = 1;
				DEVELOPMENT_TEAM = MKFL94JB3V;
				GENERATE_INFOPLIST_FILE = YES;
				IPHONEOS_DEPLOYMENT_TARGET = 17.2;
				MARKETING_VERSION = 1.0;
				PRODUCT_BUNDLE_IDENTIFIER = "UNH-iOS-Spring2024.MathMindset-Murphy-BabuTests";
				PRODUCT_NAME = "$(TARGET_NAME)";
				SWIFT_EMIT_LOC_STRINGS = NO;
				SWIFT_VERSION = 5.0;
				TARGETED_DEVICE_FAMILY = "1,2";
				TEST_HOST = "$(BUILT_PRODUCTS_DIR)/MathMindset-Murphy-Babu.app/$(BUNDLE_EXECUTABLE_FOLDER_PATH)/MathMindset-Murphy-Babu";
			};
			name = Release;
		};
		FA566ED02B69AFCE00F0FF20 /* Debug */ = {
			isa = XCBuildConfiguration;
			buildSettings = {
				ALWAYS_EMBED_SWIFT_STANDARD_LIBRARIES = YES;
				CODE_SIGN_STYLE = Automatic;
				CURRENT_PROJECT_VERSION = 1;
				DEVELOPMENT_TEAM = MKFL94JB3V;
				GENERATE_INFOPLIST_FILE = YES;
				MARKETING_VERSION = 1.0;
				PRODUCT_BUNDLE_IDENTIFIER = "UNH-iOS-Spring2024.MathMindset-Murphy-BabuUITests";
				PRODUCT_NAME = "$(TARGET_NAME)";
				SWIFT_EMIT_LOC_STRINGS = NO;
				SWIFT_VERSION = 5.0;
				TARGETED_DEVICE_FAMILY = "1,2";
				TEST_TARGET_NAME = "MathMindset-Murphy-Babu";
			};
			name = Debug;
		};
		FA566ED12B69AFCE00F0FF20 /* Release */ = {
			isa = XCBuildConfiguration;
			buildSettings = {
				ALWAYS_EMBED_SWIFT_STANDARD_LIBRARIES = YES;
				CODE_SIGN_STYLE = Automatic;
				CURRENT_PROJECT_VERSION = 1;
				DEVELOPMENT_TEAM = MKFL94JB3V;
				GENERATE_INFOPLIST_FILE = YES;
				MARKETING_VERSION = 1.0;
				PRODUCT_BUNDLE_IDENTIFIER = "UNH-iOS-Spring2024.MathMindset-Murphy-BabuUITests";
				PRODUCT_NAME = "$(TARGET_NAME)";
				SWIFT_EMIT_LOC_STRINGS = NO;
				SWIFT_VERSION = 5.0;
				TARGETED_DEVICE_FAMILY = "1,2";
				TEST_TARGET_NAME = "MathMindset-Murphy-Babu";
			};
			name = Release;
		};
/* End XCBuildConfiguration section */

/* Begin XCConfigurationList section */
		FA566EA02B69AFCD00F0FF20 /* Build configuration list for PBXProject "MathMindset-Murphy-Babu" */ = {
			isa = XCConfigurationList;
			buildConfigurations = (
				FA566EC72B69AFCE00F0FF20 /* Debug */,
				FA566EC82B69AFCE00F0FF20 /* Release */,
			);
			defaultConfigurationIsVisible = 0;
			defaultConfigurationName = Release;
		};
		FA566EC92B69AFCE00F0FF20 /* Build configuration list for PBXNativeTarget "MathMindset-Murphy-Babu" */ = {
			isa = XCConfigurationList;
			buildConfigurations = (
				FA566ECA2B69AFCE00F0FF20 /* Debug */,
				FA566ECB2B69AFCE00F0FF20 /* Release */,
			);
			defaultConfigurationIsVisible = 0;
			defaultConfigurationName = Release;
		};
		FA566ECC2B69AFCE00F0FF20 /* Build configuration list for PBXNativeTarget "MathMindset-Murphy-BabuTests" */ = {
			isa = XCConfigurationList;
			buildConfigurations = (
				FA566ECD2B69AFCE00F0FF20 /* Debug */,
				FA566ECE2B69AFCE00F0FF20 /* Release */,
			);
			defaultConfigurationIsVisible = 0;
			defaultConfigurationName = Release;
		};
		FA566ECF2B69AFCE00F0FF20 /* Build configuration list for PBXNativeTarget "MathMindset-Murphy-BabuUITests" */ = {
			isa = XCConfigurationList;
			buildConfigurations = (
				FA566ED02B69AFCE00F0FF20 /* Debug */,
				FA566ED12B69AFCE00F0FF20 /* Release */,
			);
			defaultConfigurationIsVisible = 0;
			defaultConfigurationName = Release;
		};
/* End XCConfigurationList section */

/* Begin XCRemoteSwiftPackageReference section */
		CE5A965A2BAE7E1A009411D4 /* XCRemoteSwiftPackageReference "firebase-ios-sdk" */ = {
			isa = XCRemoteSwiftPackageReference;
			repositoryURL = "https://github.com/firebase/firebase-ios-sdk";
			requirement = {
				kind = upToNextMajorVersion;
				minimumVersion = 10.23.0;
			};
		};
		CE5A967C2BAE87CB009411D4 /* XCRemoteSwiftPackageReference "GoogleSignIn-iOS" */ = {
			isa = XCRemoteSwiftPackageReference;
			repositoryURL = "https://github.com/google/GoogleSignIn-iOS";
			requirement = {
				kind = upToNextMajorVersion;
				minimumVersion = 7.0.0;
			};
		};
		FA7FAEA22B9268510056EF19 /* XCRemoteSwiftPackageReference "ConfettiSwiftUI" */ = {
			isa = XCRemoteSwiftPackageReference;
			repositoryURL = "https://github.com/simibac/ConfettiSwiftUI.git";
			requirement = {
				kind = upToNextMajorVersion;
				minimumVersion = 1.1.0;
			};
		};
/* End XCRemoteSwiftPackageReference section */

/* Begin XCSwiftPackageProductDependency section */
		CE5A965B2BAE7E1A009411D4 /* FirebaseAuth */ = {
			isa = XCSwiftPackageProductDependency;
			package = CE5A965A2BAE7E1A009411D4 /* XCRemoteSwiftPackageReference "firebase-ios-sdk" */;
			productName = FirebaseAuth;
		};
		CE5A965D2BAE7E1A009411D4 /* FirebaseAuthCombine-Community */ = {
			isa = XCSwiftPackageProductDependency;
			package = CE5A965A2BAE7E1A009411D4 /* XCRemoteSwiftPackageReference "firebase-ios-sdk" */;
			productName = "FirebaseAuthCombine-Community";
		};
		CE5A965F2BAE7E1A009411D4 /* FirebaseDatabase */ = {
			isa = XCSwiftPackageProductDependency;
			package = CE5A965A2BAE7E1A009411D4 /* XCRemoteSwiftPackageReference "firebase-ios-sdk" */;
			productName = FirebaseDatabase;
		};
		CE5A96612BAE7E1A009411D4 /* FirebaseDatabaseSwift */ = {
			isa = XCSwiftPackageProductDependency;
			package = CE5A965A2BAE7E1A009411D4 /* XCRemoteSwiftPackageReference "firebase-ios-sdk" */;
			productName = FirebaseDatabaseSwift;
		};
		CE5A96632BAE7E1A009411D4 /* FirebaseFirestore */ = {
			isa = XCSwiftPackageProductDependency;
			package = CE5A965A2BAE7E1A009411D4 /* XCRemoteSwiftPackageReference "firebase-ios-sdk" */;
			productName = FirebaseFirestore;
		};
		CE5A96652BAE7E1A009411D4 /* FirebaseFirestoreCombine-Community */ = {
			isa = XCSwiftPackageProductDependency;
			package = CE5A965A2BAE7E1A009411D4 /* XCRemoteSwiftPackageReference "firebase-ios-sdk" */;
			productName = "FirebaseFirestoreCombine-Community";
		};
		CE5A96672BAE7E1A009411D4 /* FirebaseFirestoreSwift */ = {
			isa = XCSwiftPackageProductDependency;
			package = CE5A965A2BAE7E1A009411D4 /* XCRemoteSwiftPackageReference "firebase-ios-sdk" */;
			productName = FirebaseFirestoreSwift;
		};
		CE5A96692BAE7E1A009411D4 /* FirebaseStorage */ = {
			isa = XCSwiftPackageProductDependency;
			package = CE5A965A2BAE7E1A009411D4 /* XCRemoteSwiftPackageReference "firebase-ios-sdk" */;
			productName = FirebaseStorage;
		};
		CE5A966B2BAE7E1A009411D4 /* FirebaseStorageCombine-Community */ = {
			isa = XCSwiftPackageProductDependency;
			package = CE5A965A2BAE7E1A009411D4 /* XCRemoteSwiftPackageReference "firebase-ios-sdk" */;
			productName = "FirebaseStorageCombine-Community";
		};
		CE5A967D2BAE87CB009411D4 /* GoogleSignIn */ = {
			isa = XCSwiftPackageProductDependency;
			package = CE5A967C2BAE87CB009411D4 /* XCRemoteSwiftPackageReference "GoogleSignIn-iOS" */;
			productName = GoogleSignIn;
		};
		CE5A967F2BAE87CB009411D4 /* GoogleSignInSwift */ = {
			isa = XCSwiftPackageProductDependency;
			package = CE5A967C2BAE87CB009411D4 /* XCRemoteSwiftPackageReference "GoogleSignIn-iOS" */;
			productName = GoogleSignInSwift;
		};
		FA7FAEA32B9268510056EF19 /* ConfettiSwiftUI */ = {
			isa = XCSwiftPackageProductDependency;
			package = FA7FAEA22B9268510056EF19 /* XCRemoteSwiftPackageReference "ConfettiSwiftUI" */;
			productName = ConfettiSwiftUI;
		};
/* End XCSwiftPackageProductDependency section */
	};
	rootObject = FA566E9D2B69AFCD00F0FF20 /* Project object */;
}
